github.com/gammazero/deque v1.2.1 h1:9fnQVFCCZ9/NOc7ccTNqzoKd1tCWOqeI05/lPqFPMGQ=
github.com/gammazero/deque v1.2.1/go.mod h1:5nSFkzVm+afG9+gy0VIowlqVAW4N8zNcMne+CMQVD2g=
github.com/gammazero/fsutil v0.1.3 h1:C3tvsMlzKUuy90rerHPikWRBEXs3FulfJqLE8+uGM4M=
github.com/gammazero/fsutil v0.1.3/go.mod h1:UhNgS1Hr75DBX6zqBEOB4AAZQiNytnr3Mc0ZpiLKPz4=
