github.com/gammazero/deque v1.2.1 h1:9fnQVFCCZ9/NOc7ccTNqzoKd1tCWOqeI05/lPqFPMGQ=
github.com/gammazero/deque v1.2.1/go.mod h1:5nSFkzVm+afG9+gy0VIowlqVAW4N8zNcMne+CMQVD2g=
github.com/gammazero/fsutil v0.3.0 h1:v2UvxJPXubrlp2vxoJEq8QkC98fXt2wlwvROnvTVrLw=
github.com/gammazero/fsutil v0.3.0/go.mod h1:JnD8cGUH5CidMtJoyontWS0RO6TuHcoubqskc76Xq2I=
